// !$*UTF8*$!
{
	archiveVersion = 1;
	classes = {
	};
	objectVersion = 56;
	objects = {

/* Begin PBXBuildFile section */
		46CE18F82A0BFC680081E851 /* AppDelegate.swift in Sources */ = {isa = PBXBuildFile; fileRef = 46CE18F72A0BFC680081E851 /* AppDelegate.swift */; };
		46CE18FA2A0BFC680081E851 /* SceneDelegate.swift in Sources */ = {isa = PBXBuildFile; fileRef = 46CE18F92A0BFC680081E851 /* SceneDelegate.swift */; };
		46CE18FF2A0BFC680081E851 /* Main.storyboard in Resources */ = {isa = PBXBuildFile; fileRef = 46CE18FD2A0BFC680081E851 /* Main.storyboard */; };
		46CE19012A0BFC690081E851 /* Assets.xcassets in Resources */ = {isa = PBXBuildFile; fileRef = 46CE19002A0BFC690081E851 /* Assets.xcassets */; };
		46CE19042A0BFC690081E851 /* LaunchScreen.storyboard in Resources */ = {isa = PBXBuildFile; fileRef = 46CE19022A0BFC690081E851 /* LaunchScreen.storyboard */; };
		46CE190C2A0CF6080081E851 /* LoginViewController.swift in Sources */ = {isa = PBXBuildFile; fileRef = 46CE190B2A0CF6080081E851 /* LoginViewController.swift */; };
		46CE190E2A0CFFAB0081E851 /* EnterEmailViewController.swift in Sources */ = {isa = PBXBuildFile; fileRef = 46CE190D2A0CFFAB0081E851 /* EnterEmailViewController.swift */; };
		46CE19102A0D06010081E851 /* MainViewController.swift in Sources */ = {isa = PBXBuildFile; fileRef = 46CE190F2A0D06010081E851 /* MainViewController.swift */; };
		46CE19122A0D52010081E851 /* GoogleService-Info.plist in Resources */ = {isa = PBXBuildFile; fileRef = 46CE19112A0D52010081E851 /* GoogleService-Info.plist */; };
		6D1CCDB84B4B4144732DBEB5 /* Pods_FireBaseLogin.framework in Frameworks */ = {isa = PBXBuildFile; fileRef = 731426704072F7CB95D609F0 /* Pods_FireBaseLogin.framework */; };
/* End PBXBuildFile section */

/* Begin PBXFileReference section */
		1A372088824F07BCB56E46A3 /* Pods-FireBaseLogin.debug.xcconfig */ = {isa = PBXFileReference; includeInIndex = 1; lastKnownFileType = text.xcconfig; name = "Pods-FireBaseLogin.debug.xcconfig"; path = "Target Support Files/Pods-FireBaseLogin/Pods-FireBaseLogin.debug.xcconfig"; sourceTree = "<group>"; };
		46CE18F42A0BFC680081E851 /* FireBaseLogin.app */ = {isa = PBXFileReference; explicitFileType = wrapper.application; includeInIndex = 0; path = FireBaseLogin.app; sourceTree = BUILT_PRODUCTS_DIR; };
		46CE18F72A0BFC680081E851 /* AppDelegate.swift */ = {isa = PBXFileReference; lastKnownFileType = sourcecode.swift; path = AppDelegate.swift; sourceTree = "<group>"; };
		46CE18F92A0BFC680081E851 /* SceneDelegate.swift */ = {isa = PBXFileReference; lastKnownFileType = sourcecode.swift; path = SceneDelegate.swift; sourceTree = "<group>"; };
		46CE18FE2A0BFC680081E851 /* Base */ = {isa = PBXFileReference; lastKnownFileType = file.storyboard; name = Base; path = Base.lproj/Main.storyboard; sourceTree = "<group>"; };
		46CE19002A0BFC690081E851 /* Assets.xcassets */ = {isa = PBXFileReference; lastKnownFileType = folder.assetcatalog; path = Assets.xcassets; sourceTree = "<group>"; };
		46CE19032A0BFC690081E851 /* Base */ = {isa = PBXFileReference; lastKnownFileType = file.storyboard; name = Base; path = Base.lproj/LaunchScreen.storyboard; sourceTree = "<group>"; };
		46CE19052A0BFC690081E851 /* Info.plist */ = {isa = PBXFileReference; lastKnownFileType = text.plist.xml; path = Info.plist; sourceTree = "<group>"; };
		46CE190B2A0CF6080081E851 /* LoginViewController.swift */ = {isa = PBXFileReference; lastKnownFileType = sourcecode.swift; path = LoginViewController.swift; sourceTree = "<group>"; };
		46CE190D2A0CFFAB0081E851 /* EnterEmailViewController.swift */ = {isa = PBXFileReference; lastKnownFileType = sourcecode.swift; path = EnterEmailViewController.swift; sourceTree = "<group>"; };
		46CE190F2A0D06010081E851 /* MainViewController.swift */ = {isa = PBXFileReference; lastKnownFileType = sourcecode.swift; path = MainViewController.swift; sourceTree = "<group>"; };
		46CE19112A0D52010081E851 /* GoogleService-Info.plist */ = {isa = PBXFileReference; fileEncoding = 4; lastKnownFileType = text.plist.xml; path = "GoogleService-Info.plist"; sourceTree = "<group>"; };
		731426704072F7CB95D609F0 /* Pods_FireBaseLogin.framework */ = {isa = PBXFileReference; explicitFileType = wrapper.framework; includeInIndex = 0; path = Pods_FireBaseLogin.framework; sourceTree = BUILT_PRODUCTS_DIR; };
		EB271D5108CE3DBBFEC31C13 /* Pods-FireBaseLogin.release.xcconfig */ = {isa = PBXFileReference; includeInIndex = 1; lastKnownFileType = text.xcconfig; name = "Pods-FireBaseLogin.release.xcconfig"; path = "Target Support Files/Pods-FireBaseLogin/Pods-FireBaseLogin.release.xcconfig"; sourceTree = "<group>"; };
/* End PBXFileReference section */

/* Begin PBXFrameworksBuildPhase section */
		46CE18F12A0BFC680081E851 /* Frameworks */ = {
			isa = PBXFrameworksBuildPhase;
			buildActionMask = 2147483647;
			files = (
				6D1CCDB84B4B4144732DBEB5 /* Pods_FireBaseLogin.framework in Frameworks */,
			);
			runOnlyForDeploymentPostprocessing = 0;
		};
/* End PBXFrameworksBuildPhase section */

/* Begin PBXGroup section */
		403158A2A9A6E76AB5980725 /* Frameworks */ = {
			isa = PBXGroup;
			children = (
				731426704072F7CB95D609F0 /* Pods_FireBaseLogin.framework */,
			);
			name = Frameworks;
			sourceTree = "<group>";
		};
		46CE18EB2A0BFC680081E851 = {
			isa = PBXGroup;
			children = (
				46CE18F62A0BFC680081E851 /* FireBaseLogin */,
				46CE18F52A0BFC680081E851 /* Products */,
				F98823440792CD808F7BB5FA /* Pods */,
				403158A2A9A6E76AB5980725 /* Frameworks */,
			);
			sourceTree = "<group>";
		};
		46CE18F52A0BFC680081E851 /* Products */ = {
			isa = PBXGroup;
			children = (
				46CE18F42A0BFC680081E851 /* FireBaseLogin.app */,
			);
			name = Products;
			sourceTree = "<group>";
		};
		46CE18F62A0BFC680081E851 /* FireBaseLogin */ = {
			isa = PBXGroup;
			children = (
				46CE18F72A0BFC680081E851 /* AppDelegate.swift */,
				46CE18F92A0BFC680081E851 /* SceneDelegate.swift */,
				46CE190B2A0CF6080081E851 /* LoginViewController.swift */,
				46CE190D2A0CFFAB0081E851 /* EnterEmailViewController.swift */,
				46CE190F2A0D06010081E851 /* MainViewController.swift */,
				46CE18FD2A0BFC680081E851 /* Main.storyboard */,
				46CE19002A0BFC690081E851 /* Assets.xcassets */,
				46CE19022A0BFC690081E851 /* LaunchScreen.storyboard */,
				46CE19052A0BFC690081E851 /* Info.plist */,
				46CE19112A0D52010081E851 /* GoogleService-Info.plist */,
			);
			path = FireBaseLogin;
			sourceTree = "<group>";
		};
		F98823440792CD808F7BB5FA /* Pods */ = {
			isa = PBXGroup;
			children = (
				1A372088824F07BCB56E46A3 /* Pods-FireBaseLogin.debug.xcconfig */,
				EB271D5108CE3DBBFEC31C13 /* Pods-FireBaseLogin.release.xcconfig */,
			);
			path = Pods;
			sourceTree = "<group>";
		};
/* End PBXGroup section */

/* Begin PBXNativeTarget section */
		46CE18F32A0BFC680081E851 /* FireBaseLogin */ = {
			isa = PBXNativeTarget;
			buildConfigurationList = 46CE19082A0BFC690081E851 /* Build configuration list for PBXNativeTarget "FireBaseLogin" */;
			buildPhases = (
				328C3A5FF4F43553F93C8B32 /* [CP] Check Pods Manifest.lock */,
				46CE18F02A0BFC680081E851 /* Sources */,
				46CE18F12A0BFC680081E851 /* Frameworks */,
				46CE18F22A0BFC680081E851 /* Resources */,
				AA8E9B3C79A601903EF3E068 /* [CP] Embed Pods Frameworks */,
			);
			buildRules = (
			);
			dependencies = (
			);
			name = FireBaseLogin;
			productName = FireBaseLogin;
			productReference = 46CE18F42A0BFC680081E851 /* FireBaseLogin.app */;
			productType = "com.apple.product-type.application";
		};
/* End PBXNativeTarget section */

/* Begin PBXProject section */
		46CE18EC2A0BFC680081E851 /* Project object */ = {
			isa = PBXProject;
			attributes = {
				BuildIndependentTargetsInParallel = 1;
				LastSwiftUpdateCheck = 1430;
				LastUpgradeCheck = 1430;
				TargetAttributes = {
					46CE18F32A0BFC680081E851 = {
						CreatedOnToolsVersion = 14.3;
					};
				};
			};
			buildConfigurationList = 46CE18EF2A0BFC680081E851 /* Build configuration list for PBXProject "FireBaseLogin" */;
			compatibilityVersion = "Xcode 14.0";
			developmentRegion = en;
			hasScannedForEncodings = 0;
			knownRegions = (
				en,
				Base,
			);
			mainGroup = 46CE18EB2A0BFC680081E851;
			productRefGroup = 46CE18F52A0BFC680081E851 /* Products */;
			projectDirPath = "";
			projectRoot = "";
			targets = (
				46CE18F32A0BFC680081E851 /* FireBaseLogin */,
			);
		};
/* End PBXProject section */

/* Begin PBXResourcesBuildPhase section */
		46CE18F22A0BFC680081E851 /* Resources */ = {
			isa = PBXResourcesBuildPhase;
			buildActionMask = 2147483647;
			files = (
				46CE19042A0BFC690081E851 /* LaunchScreen.storyboard in Resources */,
				46CE19122A0D52010081E851 /* GoogleService-Info.plist in Resources */,
				46CE19012A0BFC690081E851 /* Assets.xcassets in Resources */,
				46CE18FF2A0BFC680081E851 /* Main.storyboard in Resources */,
			);
			runOnlyForDeploymentPostprocessing = 0;
		};
/* End PBXResourcesBuildPhase section */

/* Begin PBXShellScriptBuildPhase section */
		328C3A5FF4F43553F93C8B32 /* [CP] Check Pods Manifest.lock */ = {
			isa = PBXShellScriptBuildPhase;
			buildActionMask = 2147483647;
			files = (
			);
			inputFileListPaths = (
			);
			inputPaths = (
				"${PODS_PODFILE_DIR_PATH}/Podfile.lock",
				"${PODS_ROOT}/Manifest.lock",
			);
			name = "[CP] Check Pods Manifest.lock";
			outputFileListPaths = (
			);
			outputPaths = (
				"$(DERIVED_FILE_DIR)/Pods-FireBaseLogin-checkManifestLockResult.txt",
			);
			runOnlyForDeploymentPostprocessing = 0;
			shellPath = /bin/sh;
			shellScript = "diff \"${PODS_PODFILE_DIR_PATH}/Podfile.lock\" \"${PODS_ROOT}/Manifest.lock\" > /dev/null\nif [ $? != 0 ] ; then\n    # print error to STDERR\n    echo \"error: The sandbox is not in sync with the Podfile.lock. Run 'pod install' or update your CocoaPods installation.\" >&2\n    exit 1\nfi\n# This output is used by Xcode 'outputs' to avoid re-running this script phase.\necho \"SUCCESS\" > \"${SCRIPT_OUTPUT_FILE_0}\"\n";
			showEnvVarsInLog = 0;
		};
		AA8E9B3C79A601903EF3E068 /* [CP] Embed Pods Frameworks */ = {
			isa = PBXShellScriptBuildPhase;
			buildActionMask = 2147483647;
			files = (
			);
			inputFileListPaths = (
				"${PODS_ROOT}/Target Support Files/Pods-FireBaseLogin/Pods-FireBaseLogin-frameworks-${CONFIGURATION}-input-files.xcfilelist",
			);
			name = "[CP] Embed Pods Frameworks";
			outputFileListPaths = (
				"${PODS_ROOT}/Target Support Files/Pods-FireBaseLogin/Pods-FireBaseLogin-frameworks-${CONFIGURATION}-output-files.xcfilelist",
			);
			runOnlyForDeploymentPostprocessing = 0;
			shellPath = /bin/sh;
			shellScript = "\"${PODS_ROOT}/Target Support Files/Pods-FireBaseLogin/Pods-FireBaseLogin-frameworks.sh\"\n";
			showEnvVarsInLog = 0;
		};
/* End PBXShellScriptBuildPhase section */

/* Begin PBXSourcesBuildPhase section */
		46CE18F02A0BFC680081E851 /* Sources */ = {
			isa = PBXSourcesBuildPhase;
			buildActionMask = 2147483647;
			files = (
				46CE190C2A0CF6080081E851 /* LoginViewController.swift in Sources */,
				46CE18F82A0BFC680081E851 /* AppDelegate.swift in Sources */,
				46CE190E2A0CFFAB0081E851 /* EnterEmailViewController.swift in Sources */,
				46CE18FA2A0BFC680081E851 /* SceneDelegate.swift in Sources */,
				46CE19102A0D06010081E851 /* MainViewController.swift in Sources */,
			);
			runOnlyForDeploymentPostprocessing = 0;
		};
/* End PBXSourcesBuildPhase section */

/* Begin PBXVariantGroup section */
		46CE18FD2A0BFC680081E851 /* Main.storyboard */ = {
			isa = PBXVariantGroup;
			children = (
				46CE18FE2A0BFC680081E851 /* Base */,
			);
			name = Main.storyboard;
			sourceTree = "<group>";
		};
		46CE19022A0BFC690081E851 /* LaunchScreen.storyboard */ = {
			isa = PBXVariantGroup;
			children = (
				46CE19032A0BFC690081E851 /* Base */,
			);
			name = LaunchScreen.storyboard;
			sourceTree = "<group>";
		};
/* End PBXVariantGroup section */

/* Begin XCBuildConfiguration section */
		46CE19062A0BFC690081E851 /* Debug */ = {
			isa = XCBuildConfiguration;
			buildSettings = {
				ALWAYS_SEARCH_USER_PATHS = NO;
				CLANG_ANALYZER_NONNULL = YES;
				CLANG_ANALYZER_NUMBER_OBJECT_CONVERSION = YES_AGGRESSIVE;
				CLANG_CXX_LANGUAGE_STANDARD = "gnu++20";
				CLANG_ENABLE_MODULES = YES;
				CLANG_ENABLE_OBJC_ARC = YES;
				CLANG_ENABLE_OBJC_WEAK = YES;
				CLANG_WARN_BLOCK_CAPTURE_AUTORELEASING = YES;
				CLANG_WARN_BOOL_CONVERSION = YES;
				CLANG_WARN_COMMA = YES;
				CLANG_WARN_CONSTANT_CONVERSION = YES;
				CLANG_WARN_DEPRECATED_OBJC_IMPLEMENTATIONS = YES;
				CLANG_WARN_DIRECT_OBJC_ISA_USAGE = YES_ERROR;
				CLANG_WARN_DOCUMENTATION_COMMENTS = YES;
				CLANG_WARN_EMPTY_BODY = YES;
				CLANG_WARN_ENUM_CONVERSION = YES;
				CLANG_WARN_INFINITE_RECURSION = YES;
				CLANG_WARN_INT_CONVERSION = YES;
				CLANG_WARN_NON_LITERAL_NULL_CONVERSION = YES;
				CLANG_WARN_OBJC_IMPLICIT_RETAIN_SELF = YES;
				CLANG_WARN_OBJC_LITERAL_CONVERSION = YES;
				CLANG_WARN_OBJC_ROOT_CLASS = YES_ERROR;
				CLANG_WARN_QUOTED_INCLUDE_IN_FRAMEWORK_HEADER = YES;
				CLANG_WARN_RANGE_LOOP_ANALYSIS = YES;
				CLANG_WARN_STRICT_PROTOTYPES = YES;
				CLANG_WARN_SUSPICIOUS_MOVE = YES;
				CLANG_WARN_UNGUARDED_AVAILABILITY = YES_AGGRESSIVE;
				CLANG_WARN_UNREACHABLE_CODE = YES;
				CLANG_WARN__DUPLICATE_METHOD_MATCH = YES;
				COPY_PHASE_STRIP = NO;
				DEBUG_INFORMATION_FORMAT = dwarf;
				ENABLE_STRICT_OBJC_MSGSEND = YES;
				ENABLE_TESTABILITY = YES;
				GCC_C_LANGUAGE_STANDARD = gnu11;
				GCC_DYNAMIC_NO_PIC = NO;
				GCC_NO_COMMON_BLOCKS = YES;
				GCC_OPTIMIZATION_LEVEL = 0;
				GCC_PREPROCESSOR_DEFINITIONS = (
					"DEBUG=1",
					"$(inherited)",
				);
				GCC_WARN_64_TO_32_BIT_CONVERSION = YES;
				GCC_WARN_ABOUT_RETURN_TYPE = YES_ERROR;
				GCC_WARN_UNDECLARED_SELECTOR = YES;
				GCC_WARN_UNINITIALIZED_AUTOS = YES_AGGRESSIVE;
				GCC_WARN_UNUSED_FUNCTION = YES;
				GCC_WARN_UNUSED_VARIABLE = YES;
				IPHONEOS_DEPLOYMENT_TARGET = 16.4;
				MTL_ENABLE_DEBUG_INFO = INCLUDE_SOURCE;
				MTL_FAST_MATH = YES;
				ONLY_ACTIVE_ARCH = YES;
				SDKROOT = iphoneos;
				SWIFT_ACTIVE_COMPILATION_CONDITIONS = DEBUG;
				SWIFT_OPTIMIZATION_LEVEL = "-Onone";
			};
			name = Debug;
		};
		46CE19072A0BFC690081E851 /* Release */ = {
			isa = XCBuildConfiguration;
			buildSettings = {
				ALWAYS_SEARCH_USER_PATHS = NO;
				CLANG_ANALYZER_NONNULL = YES;
				CLANG_ANALYZER_NUMBER_OBJECT_CONVERSION = YES_AGGRESSIVE;
				CLANG_CXX_LANGUAGE_STANDARD = "gnu++20";
				CLANG_ENABLE_MODULES = YES;
				CLANG_ENABLE_OBJC_ARC = YES;
				CLANG_ENABLE_OBJC_WEAK = YES;
				CLANG_WARN_BLOCK_CAPTURE_AUTORELEASING = YES;
				CLANG_WARN_BOOL_CONVERSION = YES;
				CLANG_WARN_COMMA = YES;
				CLANG_WARN_CONSTANT_CONVERSION = YES;
				CLANG_WARN_DEPRECATED_OBJC_IMPLEMENTATIONS = YES;
				CLANG_WARN_DIRECT_OBJC_ISA_USAGE = YES_ERROR;
				CLANG_WARN_DOCUMENTATION_COMMENTS = YES;
				CLANG_WARN_EMPTY_BODY = YES;
				CLANG_WARN_ENUM_CONVERSION = YES;
				CLANG_WARN_INFINITE_RECURSION = YES;
				CLANG_WARN_INT_CONVERSION = YES;
				CLANG_WARN_NON_LITERAL_NULL_CONVERSION = YES;
				CLANG_WARN_OBJC_IMPLICIT_RETAIN_SELF = YES;
				CLANG_WARN_OBJC_LITERAL_CONVERSION = YES;
				CLANG_WARN_OBJC_ROOT_CLASS = YES_ERROR;
				CLANG_WARN_QUOTED_INCLUDE_IN_FRAMEWORK_HEADER = YES;
				CLANG_WARN_RANGE_LOOP_ANALYSIS = YES;
				CLANG_WARN_STRICT_PROTOTYPES = YES;
				CLANG_WARN_SUSPICIOUS_MOVE = YES;
				CLANG_WARN_UNGUARDED_AVAILABILITY = YES_AGGRESSIVE;
				CLANG_WARN_UNREACHABLE_CODE = YES;
				CLANG_WARN__DUPLICATE_METHOD_MATCH = YES;
				COPY_PHASE_STRIP = NO;
				DEBUG_INFORMATION_FORMAT = "dwarf-with-dsym";
				ENABLE_NS_ASSERTIONS = NO;
				ENABLE_STRICT_OBJC_MSGSEND = YES;
				GCC_C_LANGUAGE_STANDARD = gnu11;
				GCC_NO_COMMON_BLOCKS = YES;
				GCC_WARN_64_TO_32_BIT_CONVERSION = YES;
				GCC_WARN_ABOUT_RETURN_TYPE = YES_ERROR;
				GCC_WARN_UNDECLARED_SELECTOR = YES;
				GCC_WARN_UNINITIALIZED_AUTOS = YES_AGGRESSIVE;
				GCC_WARN_UNUSED_FUNCTION = YES;
				GCC_WARN_UNUSED_VARIABLE = YES;
				IPHONEOS_DEPLOYMENT_TARGET = 16.4;
				MTL_ENABLE_DEBUG_INFO = NO;
				MTL_FAST_MATH = YES;
				SDKROOT = iphoneos;
				SWIFT_COMPILATION_MODE = wholemodule;
				SWIFT_OPTIMIZATION_LEVEL = "-O";
				VALIDATE_PRODUCT = YES;
			};
			name = Release;
		};
		46CE19092A0BFC690081E851 /* Debug */ = {
			isa = XCBuildConfiguration;
			baseConfigurationReference = 1A372088824F07BCB56E46A3 /* Pods-FireBaseLogin.debug.xcconfig */;
			buildSettings = {
				ASSETCATALOG_COMPILER_APPICON_NAME = AppIcon;
				ASSETCATALOG_COMPILER_GLOBAL_ACCENT_COLOR_NAME = AccentColor;
				CODE_SIGN_STYLE = Automatic;
				CURRENT_PROJECT_VERSION = 1;
				DEVELOPMENT_TEAM = MTWK7B57YU;
				GENERATE_INFOPLIST_FILE = YES;
				INFOPLIST_FILE = FireBaseLogin/Info.plist;
				INFOPLIST_KEY_UIApplicationSupportsIndirectInputEvents = YES;
				INFOPLIST_KEY_UILaunchStoryboardName = LaunchScreen;
				INFOPLIST_KEY_UIMainStoryboardFile = Main;
				INFOPLIST_KEY_UISupportedInterfaceOrientations_iPad = "UIInterfaceOrientationPortrait UIInterfaceOrientationPortraitUpsideDown UIInterfaceOrientationLandscapeLeft UIInterfaceOrientationLandscapeRight";
				INFOPLIST_KEY_UISupportedInterfaceOrientations_iPhone = "UIInterfaceOrientationPortrait UIInterfaceOrientationLandscapeLeft UIInterfaceOrientationLandscapeRight";
				LD_RUNPATH_SEARCH_PATHS = (
					"$(inherited)",
					"@executable_path/Frameworks",
				);
				MARKETING_VERSION = 1.0;
				PRODUCT_BUNDLE_IDENTIFIER = cana.FireBaseLogin;
				PRODUCT_NAME = "$(TARGET_NAME)";
				SWIFT_EMIT_LOC_STRINGS = YES;
				SWIFT_VERSION = 5.0;
				TARGETED_DEVICE_FAMILY = "1,2";
			};
			name = Debug;
		};
		46CE190A2A0BFC690081E851 /* Release */ = {
			isa = XCBuildConfiguration;
			baseConfigurationReference = EB271D5108CE3DBBFEC31C13 /* Pods-FireBaseLogin.release.xcconfig */;
			buildSettings = {
				ASSETCATALOG_COMPILER_APPICON_NAME = AppIcon;
				ASSETCATALOG_COMPILER_GLOBAL_ACCENT_COLOR_NAME = AccentColor;
				CODE_SIGN_STYLE = Automatic;
				CURRENT_PROJECT_VERSION = 1;
				DEVELOPMENT_TEAM = MTWK7B57YU;
				GENERATE_INFOPLIST_FILE = YES;
				INFOPLIST_FILE = FireBaseLogin/Info.plist;
				INFOPLIST_KEY_UIApplicationSupportsIndirectInputEvents = YES;
				INFOPLIST_KEY_UILaunchStoryboardName = LaunchScreen;
				INFOPLIST_KEY_UIMainStoryboardFile = Main;
				INFOPLIST_KEY_UISupportedInterfaceOrientations_iPad = "UIInterfaceOrientationPortrait UIInterfaceOrientationPortraitUpsideDown UIInterfaceOrientationLandscapeLeft UIInterfaceOrientationLandscapeRight";
				INFOPLIST_KEY_UISupportedInterfaceOrientations_iPhone = "UIInterfaceOrientationPortrait UIInterfaceOrientationLandscapeLeft UIInterfaceOrientationLandscapeRight";
				LD_RUNPATH_SEARCH_PATHS = (
					"$(inherited)",
					"@executable_path/Frameworks",
				);
				MARKETING_VERSION = 1.0;
				PRODUCT_BUNDLE_IDENTIFIER = cana.FireBaseLogin;
				PRODUCT_NAME = "$(TARGET_NAME)";
				SWIFT_EMIT_LOC_STRINGS = YES;
				SWIFT_VERSION = 5.0;
				TARGETED_DEVICE_FAMILY = "1,2";
			};
			name = Release;
		};
/* End XCBuildConfiguration section */

/* Begin XCConfigurationList section */
		46CE18EF2A0BFC680081E851 /* Build configuration list for PBXProject "FireBaseLogin" */ = {
			isa = XCConfigurationList;
			buildConfigurations = (
				46CE19062A0BFC690081E851 /* Debug */,
				46CE19072A0BFC690081E851 /* Release */,
			);
			defaultConfigurationIsVisible = 0;
			defaultConfigurationName = Release;
		};
		46CE19082A0BFC690081E851 /* Build configuration list for PBXNativeTarget "FireBaseLogin" */ = {
			isa = XCConfigurationList;
			buildConfigurations = (
				46CE19092A0BFC690081E851 /* Debug */,
				46CE190A2A0BFC690081E851 /* Release */,
			);
			defaultConfigurationIsVisible = 0;
			defaultConfigurationName = Release;
		};
/* End XCConfigurationList section */
	};
	rootObject = 46CE18EC2A0BFC680081E851 /* Project object */;
}
